
Microsoft Visual Studio Solution File, Format Version 12.00
# Visual Studio Version 16
VisualStudioVersion = 16.0.31205.134
MinimumVisualStudioVersion = 10.0.40219.1
Project("{FAE04EC0-301F-11D3-BF4B-00C04F79EFBC}") = "WebApi", "WebApi\WebApi.csproj", "{64F901BB-B084-497B-873A-4DEB328A38CC}"
EndProject
Project("{FAE04EC0-301F-11D3-BF4B-00C04F79EFBC}") = "MVC", "MVC\MVC.csproj", "{B6794211-16C6-497F-8BF5-8E7F25ADF487}"
EndProject
Global
	GlobalSection(SolutionConfigurationPlatforms) = preSolution
		Debug|Any CPU = Debug|Any CPU
		Release|Any CPU = Release|Any CPU
	EndGlobalSection
	GlobalSection(ProjectConfigurationPlatforms) = postSolution
		{64F901BB-B084-497B-873A-4DEB328A38CC}.Debug|Any CPU.ActiveCfg = Debug|Any CPU
		{64F901BB-B084-497B-873A-4DEB328A38CC}.Debug|Any CPU.Build.0 = Debug|Any CPU
		{64F901BB-B084-497B-873A-4DEB328A38CC}.Release|Any CPU.ActiveCfg = Release|Any CPU
		{64F901BB-B084-497B-873A-4DEB328A38CC}.Release|Any CPU.Build.0 = Release|Any CPU
		{B6794211-16C6-497F-8BF5-8E7F25ADF487}.Debug|Any CPU.ActiveCfg = Debug|Any CPU
		{B6794211-16C6-497F-8BF5-8E7F25ADF487}.Debug|Any CPU.Build.0 = Debug|Any CPU
		{B6794211-16C6-497F-8BF5-8E7F25ADF487}.Release|Any CPU.ActiveCfg = Release|Any CPU
		{B6794211-16C6-497F-8BF5-8E7F25ADF487}.Release|Any CPU.Build.0 = Release|Any CPU
	EndGlobalSection
	GlobalSection(SolutionProperties) = preSolution
		HideSolutionNode = FALSE
	EndGlobalSection
	GlobalSection(ExtensibilityGlobals) = postSolution
		SolutionGuid = {C07419B3-8F93-41FB-868A-565AA67341EF}
	EndGlobalSection
EndGlobal
